
Microsoft Visual Studio Solution File, Format Version 12.00
# Visual Studio Version 17
VisualStudioVersion = 17.0.31903.59
MinimumVisualStudioVersion = 10.0.40219.1
Project("{2150E333-8FDC-42A3-9474-1A3956D46DE8}") = "src", "src", "{827E0CD3-B72D-47B6-A68D-7590B98EB39B}"
EndProject
Project("{FAE04EC0-301F-11D3-BF4B-00C04F79EFBC}") = "PSP.TopupService.SharedKernel", "src\PSP.TopupService.SharedKernel\PSP.TopupService.SharedKernel.csproj", "{A12E5D93-7099-41F7-B48B-B6425356C1DE}"
EndProject
Project("{FAE04EC0-301F-11D3-BF4B-00C04F79EFBC}") = "PSP.TopupService.Domain", "src\PSP.TopupService.Domain\PSP.TopupService.Domain.csproj", "{85F07410-B99C-45A8-AA1B-C63BFD779316}"
EndProject
Project("{FAE04EC0-301F-11D3-BF4B-00C04F79EFBC}") = "PSP.TopupService.Contracts", "src\PSP.TopupService.Contracts\PSP.TopupService.Contracts.csproj", "{AA2FF0A0-EB86-4574-9BDB-E32EB94A846F}"
EndProject
Project("{FAE04EC0-301F-11D3-BF4B-00C04F79EFBC}") = "PSP.TopupService.Application", "src\PSP.TopupService.Application\PSP.TopupService.Application.csproj", "{DA6D5F91-9257-4D68-8B87-34C819934D71}"
EndProject
Project("{FAE04EC0-301F-11D3-BF4B-00C04F79EFBC}") = "PSP.TopupService.Infrastructure", "src\PSP.TopupService.Infrastructure\PSP.TopupService.Infrastructure.csproj", "{C176EDB0-E960-4BDF-9C36-3B3D47190445}"
EndProject
Project("{FAE04EC0-301F-11D3-BF4B-00C04F79EFBC}") = "PSP.TopupService.Persistence", "src\PSP.TopupService.Persistence\PSP.TopupService.Persistence.csproj", "{4B9180D4-A99C-4824-BC1A-FE09C20F6FC6}"
EndProject
Project("{FAE04EC0-301F-11D3-BF4B-00C04F79EFBC}") = "PSP.TopupService.Api", "src\PSP.TopupService.Api\PSP.TopupService.Api.csproj", "{00010EB9-740E-42F2-91B0-9EC0A9146266}"
EndProject
Project("{FAE04EC0-301F-11D3-BF4B-00C04F79EFBC}") = "PSP.TopupService.Worker", "src\PSP.TopupService.Worker\PSP.TopupService.Worker.csproj", "{1BB6CA24-E9BB-4D27-B262-A1AC23662C0A}"
EndProject
Project("{FAE04EC0-301F-11D3-BF4B-00C04F79EFBC}") = "PSP.Mock.Bank.Api", "src\PSP.Mock.Bank.Api\PSP.Mock.Bank.Api.csproj", "{E992BC55-1FE7-4F65-81AC-463271D3E552}"
EndProject
Project("{FAE04EC0-301F-11D3-BF4B-00C04F79EFBC}") = "PSP.Mock.HamrahAval.Api", "src\PSP.Mock.HamrahAval.Api\PSP.Mock.HamrahAval.Api.csproj", "{C9F6588A-1138-48F2-995C-E3361168DB78}"
EndProject
Project("{2150E333-8FDC-42A3-9474-1A3956D46DE8}") = "tests", "tests", "{0AB3BF05-4346-4AA6-1389-037BE0695223}"
EndProject
Project("{FAE04EC0-301F-11D3-BF4B-00C04F79EFBC}") = "PSP.TopupService.UnitTests", "tests\PSP.TopupService.UnitTests\PSP.TopupService.UnitTests.csproj", "{2D13556B-79C9-4547-86A2-A7C74C744D48}"
EndProject
Project("{FAE04EC0-301F-11D3-BF4B-00C04F79EFBC}") = "PSP.TopupService.IntegrationTests", "tests\PSP.TopupService.IntegrationTests\PSP.TopupService.IntegrationTests.csproj", "{D8324EDD-3D53-41E3-96FD-D2562764303D}"
EndProject
Project("{FAE04EC0-301F-11D3-BF4B-00C04F79EFBC}") = "PSP.TopupService.ArchitectureTests", "tests\PSP.TopupService.ArchitectureTests\PSP.TopupService.ArchitectureTests.csproj", "{A7FB4369-DC61-464C-A13C-102AFAB76A42}"
EndProject
Global
	GlobalSection(SolutionConfigurationPlatforms) = preSolution
		Debug|Any CPU = Debug|Any CPU
		Debug|x64 = Debug|x64
		Debug|x86 = Debug|x86
		Release|Any CPU = Release|Any CPU
		Release|x64 = Release|x64
		Release|x86 = Release|x86
	EndGlobalSection
	GlobalSection(ProjectConfigurationPlatforms) = postSolution
		{A12E5D93-7099-41F7-B48B-B6425356C1DE}.Debug|Any CPU.ActiveCfg = Debug|Any CPU
		{A12E5D93-7099-41F7-B48B-B6425356C1DE}.Debug|Any CPU.Build.0 = Debug|Any CPU
		{A12E5D93-7099-41F7-B48B-B6425356C1DE}.Debug|x64.ActiveCfg = Debug|Any CPU
		{A12E5D93-7099-41F7-B48B-B6425356C1DE}.Debug|x64.Build.0 = Debug|Any CPU
		{A12E5D93-7099-41F7-B48B-B6425356C1DE}.Debug|x86.ActiveCfg = Debug|Any CPU
		{A12E5D93-7099-41F7-B48B-B6425356C1DE}.Debug|x86.Build.0 = Debug|Any CPU
		{A12E5D93-7099-41F7-B48B-B6425356C1DE}.Release|Any CPU.ActiveCfg = Release|Any CPU
		{A12E5D93-7099-41F7-B48B-B6425356C1DE}.Release|Any CPU.Build.0 = Release|Any CPU
		{A12E5D93-7099-41F7-B48B-B6425356C1DE}.Release|x64.ActiveCfg = Release|Any CPU
		{A12E5D93-7099-41F7-B48B-B6425356C1DE}.Release|x64.Build.0 = Release|Any CPU
		{A12E5D93-7099-41F7-B48B-B6425356C1DE}.Release|x86.ActiveCfg = Release|Any CPU
		{A12E5D93-7099-41F7-B48B-B6425356C1DE}.Release|x86.Build.0 = Release|Any CPU
		{85F07410-B99C-45A8-AA1B-C63BFD779316}.Debug|Any CPU.ActiveCfg = Debug|Any CPU
		{85F07410-B99C-45A8-AA1B-C63BFD779316}.Debug|Any CPU.Build.0 = Debug|Any CPU
		{85F07410-B99C-45A8-AA1B-C63BFD779316}.Debug|x64.ActiveCfg = Debug|Any CPU
		{85F07410-B99C-45A8-AA1B-C63BFD779316}.Debug|x64.Build.0 = Debug|Any CPU
		{85F07410-B99C-45A8-AA1B-C63BFD779316}.Debug|x86.ActiveCfg = Debug|Any CPU
		{85F07410-B99C-45A8-AA1B-C63BFD779316}.Debug|x86.Build.0 = Debug|Any CPU
		{85F07410-B99C-45A8-AA1B-C63BFD779316}.Release|Any CPU.ActiveCfg = Release|Any CPU
		{85F07410-B99C-45A8-AA1B-C63BFD779316}.Release|Any CPU.Build.0 = Release|Any CPU
		{85F07410-B99C-45A8-AA1B-C63BFD779316}.Release|x64.ActiveCfg = Release|Any CPU
		{85F07410-B99C-45A8-AA1B-C63BFD779316}.Release|x64.Build.0 = Release|Any CPU
		{85F07410-B99C-45A8-AA1B-C63BFD779316}.Release|x86.ActiveCfg = Release|Any CPU
		{85F07410-B99C-45A8-AA1B-C63BFD779316}.Release|x86.Build.0 = Release|Any CPU
		{AA2FF0A0-EB86-4574-9BDB-E32EB94A846F}.Debug|Any CPU.ActiveCfg = Debug|Any CPU
		{AA2FF0A0-EB86-4574-9BDB-E32EB94A846F}.Debug|Any CPU.Build.0 = Debug|Any CPU
		{AA2FF0A0-EB86-4574-9BDB-E32EB94A846F}.Debug|x64.ActiveCfg = Debug|Any CPU
		{AA2FF0A0-EB86-4574-9BDB-E32EB94A846F}.Debug|x64.Build.0 = Debug|Any CPU
		{AA2FF0A0-EB86-4574-9BDB-E32EB94A846F}.Debug|x86.ActiveCfg = Debug|Any CPU
		{AA2FF0A0-EB86-4574-9BDB-E32EB94A846F}.Debug|x86.Build.0 = Debug|Any CPU
		{AA2FF0A0-EB86-4574-9BDB-E32EB94A846F}.Release|Any CPU.ActiveCfg = Release|Any CPU
		{AA2FF0A0-EB86-4574-9BDB-E32EB94A846F}.Release|Any CPU.Build.0 = Release|Any CPU
		{AA2FF0A0-EB86-4574-9BDB-E32EB94A846F}.Release|x64.ActiveCfg = Release|Any CPU
		{AA2FF0A0-EB86-4574-9BDB-E32EB94A846F}.Release|x64.Build.0 = Release|Any CPU
		{AA2FF0A0-EB86-4574-9BDB-E32EB94A846F}.Release|x86.ActiveCfg = Release|Any CPU
		{AA2FF0A0-EB86-4574-9BDB-E32EB94A846F}.Release|x86.Build.0 = Release|Any CPU
		{DA6D5F91-9257-4D68-8B87-34C819934D71}.Debug|Any CPU.ActiveCfg = Debug|Any CPU
		{DA6D5F91-9257-4D68-8B87-34C819934D71}.Debug|Any CPU.Build.0 = Debug|Any CPU
		{DA6D5F91-9257-4D68-8B87-34C819934D71}.Debug|x64.ActiveCfg = Debug|Any CPU
		{DA6D5F91-9257-4D68-8B87-34C819934D71}.Debug|x64.Build.0 = Debug|Any CPU
		{DA6D5F91-9257-4D68-8B87-34C819934D71}.Debug|x86.ActiveCfg = Debug|Any CPU
		{DA6D5F91-9257-4D68-8B87-34C819934D71}.Debug|x86.Build.0 = Debug|Any CPU
		{DA6D5F91-9257-4D68-8B87-34C819934D71}.Release|Any CPU.ActiveCfg = Release|Any CPU
		{DA6D5F91-9257-4D68-8B87-34C819934D71}.Release|Any CPU.Build.0 = Release|Any CPU
		{DA6D5F91-9257-4D68-8B87-34C819934D71}.Release|x64.ActiveCfg = Release|Any CPU
		{DA6D5F91-9257-4D68-8B87-34C819934D71}.Release|x64.Build.0 = Release|Any CPU
		{DA6D5F91-9257-4D68-8B87-34C819934D71}.Release|x86.ActiveCfg = Release|Any CPU
		{DA6D5F91-9257-4D68-8B87-34C819934D71}.Release|x86.Build.0 = Release|Any CPU
		{C176EDB0-E960-4BDF-9C36-3B3D47190445}.Debug|Any CPU.ActiveCfg = Debug|Any CPU
		{C176EDB0-E960-4BDF-9C36-3B3D47190445}.Debug|Any CPU.Build.0 = Debug|Any CPU
		{C176EDB0-E960-4BDF-9C36-3B3D47190445}.Debug|x64.ActiveCfg = Debug|Any CPU
		{C176EDB0-E960-4BDF-9C36-3B3D47190445}.Debug|x64.Build.0 = Debug|Any CPU
		{C176EDB0-E960-4BDF-9C36-3B3D47190445}.Debug|x86.ActiveCfg = Debug|Any CPU
		{C176EDB0-E960-4BDF-9C36-3B3D47190445}.Debug|x86.Build.0 = Debug|Any CPU
		{C176EDB0-E960-4BDF-9C36-3B3D47190445}.Release|Any CPU.ActiveCfg = Release|Any CPU
		{C176EDB0-E960-4BDF-9C36-3B3D47190445}.Release|Any CPU.Build.0 = Release|Any CPU
		{C176EDB0-E960-4BDF-9C36-3B3D47190445}.Release|x64.ActiveCfg = Release|Any CPU
		{C176EDB0-E960-4BDF-9C36-3B3D47190445}.Release|x64.Build.0 = Release|Any CPU
		{C176EDB0-E960-4BDF-9C36-3B3D47190445}.Release|x86.ActiveCfg = Release|Any CPU
		{C176EDB0-E960-4BDF-9C36-3B3D47190445}.Release|x86.Build.0 = Release|Any CPU
		{4B9180D4-A99C-4824-BC1A-FE09C20F6FC6}.Debug|Any CPU.ActiveCfg = Debug|Any CPU
		{4B9180D4-A99C-4824-BC1A-FE09C20F6FC6}.Debug|Any CPU.Build.0 = Debug|Any CPU
		{4B9180D4-A99C-4824-BC1A-FE09C20F6FC6}.Debug|x64.ActiveCfg = Debug|Any CPU
		{4B9180D4-A99C-4824-BC1A-FE09C20F6FC6}.Debug|x64.Build.0 = Debug|Any CPU
		{4B9180D4-A99C-4824-BC1A-FE09C20F6FC6}.Debug|x86.ActiveCfg = Debug|Any CPU
		{4B9180D4-A99C-4824-BC1A-FE09C20F6FC6}.Debug|x86.Build.0 = Debug|Any CPU
		{4B9180D4-A99C-4824-BC1A-FE09C20F6FC6}.Release|Any CPU.ActiveCfg = Release|Any CPU
		{4B9180D4-A99C-4824-BC1A-FE09C20F6FC6}.Release|Any CPU.Build.0 = Release|Any CPU
		{4B9180D4-A99C-4824-BC1A-FE09C20F6FC6}.Release|x64.ActiveCfg = Release|Any CPU
		{4B9180D4-A99C-4824-BC1A-FE09C20F6FC6}.Release|x64.Build.0 = Release|Any CPU
		{4B9180D4-A99C-4824-BC1A-FE09C20F6FC6}.Release|x86.ActiveCfg = Release|Any CPU
		{4B9180D4-A99C-4824-BC1A-FE09C20F6FC6}.Release|x86.Build.0 = Release|Any CPU
		{00010EB9-740E-42F2-91B0-9EC0A9146266}.Debug|Any CPU.ActiveCfg = Debug|Any CPU
		{00010EB9-740E-42F2-91B0-9EC0A9146266}.Debug|Any CPU.Build.0 = Debug|Any CPU
		{00010EB9-740E-42F2-91B0-9EC0A9146266}.Debug|x64.ActiveCfg = Debug|Any CPU
		{00010EB9-740E-42F2-91B0-9EC0A9146266}.Debug|x64.Build.0 = Debug|Any CPU
		{00010EB9-740E-42F2-91B0-9EC0A9146266}.Debug|x86.ActiveCfg = Debug|Any CPU
		{00010EB9-740E-42F2-91B0-9EC0A9146266}.Debug|x86.Build.0 = Debug|Any CPU
		{00010EB9-740E-42F2-91B0-9EC0A9146266}.Release|Any CPU.ActiveCfg = Release|Any CPU
		{00010EB9-740E-42F2-91B0-9EC0A9146266}.Release|Any CPU.Build.0 = Release|Any CPU
		{00010EB9-740E-42F2-91B0-9EC0A9146266}.Release|x64.ActiveCfg = Release|Any CPU
		{00010EB9-740E-42F2-91B0-9EC0A9146266}.Release|x64.Build.0 = Release|Any CPU
		{00010EB9-740E-42F2-91B0-9EC0A9146266}.Release|x86.ActiveCfg = Release|Any CPU
		{00010EB9-740E-42F2-91B0-9EC0A9146266}.Release|x86.Build.0 = Release|Any CPU
		{1BB6CA24-E9BB-4D27-B262-A1AC23662C0A}.Debug|Any CPU.ActiveCfg = Debug|Any CPU
		{1BB6CA24-E9BB-4D27-B262-A1AC23662C0A}.Debug|Any CPU.Build.0 = Debug|Any CPU
		{1BB6CA24-E9BB-4D27-B262-A1AC23662C0A}.Debug|x64.ActiveCfg = Debug|Any CPU
		{1BB6CA24-E9BB-4D27-B262-A1AC23662C0A}.Debug|x64.Build.0 = Debug|Any CPU
		{1BB6CA24-E9BB-4D27-B262-A1AC23662C0A}.Debug|x86.ActiveCfg = Debug|Any CPU
		{1BB6CA24-E9BB-4D27-B262-A1AC23662C0A}.Debug|x86.Build.0 = Debug|Any CPU
		{1BB6CA24-E9BB-4D27-B262-A1AC23662C0A}.Release|Any CPU.ActiveCfg = Release|Any CPU
		{1BB6CA24-E9BB-4D27-B262-A1AC23662C0A}.Release|Any CPU.Build.0 = Release|Any CPU
		{1BB6CA24-E9BB-4D27-B262-A1AC23662C0A}.Release|x64.ActiveCfg = Release|Any CPU
		{1BB6CA24-E9BB-4D27-B262-A1AC23662C0A}.Release|x64.Build.0 = Release|Any CPU
		{1BB6CA24-E9BB-4D27-B262-A1AC23662C0A}.Release|x86.ActiveCfg = Release|Any CPU
		{1BB6CA24-E9BB-4D27-B262-A1AC23662C0A}.Release|x86.Build.0 = Release|Any CPU
		{E992BC55-1FE7-4F65-81AC-463271D3E552}.Debug|Any CPU.ActiveCfg = Debug|Any CPU
		{E992BC55-1FE7-4F65-81AC-463271D3E552}.Debug|Any CPU.Build.0 = Debug|Any CPU
		{E992BC55-1FE7-4F65-81AC-463271D3E552}.Debug|x64.ActiveCfg = Debug|Any CPU
		{E992BC55-1FE7-4F65-81AC-463271D3E552}.Debug|x64.Build.0 = Debug|Any CPU
		{E992BC55-1FE7-4F65-81AC-463271D3E552}.Debug|x86.ActiveCfg = Debug|Any CPU
		{E992BC55-1FE7-4F65-81AC-463271D3E552}.Debug|x86.Build.0 = Debug|Any CPU
		{E992BC55-1FE7-4F65-81AC-463271D3E552}.Release|Any CPU.ActiveCfg = Release|Any CPU
		{E992BC55-1FE7-4F65-81AC-463271D3E552}.Release|Any CPU.Build.0 = Release|Any CPU
		{E992BC55-1FE7-4F65-81AC-463271D3E552}.Release|x64.ActiveCfg = Release|Any CPU
		{E992BC55-1FE7-4F65-81AC-463271D3E552}.Release|x64.Build.0 = Release|Any CPU
		{E992BC55-1FE7-4F65-81AC-463271D3E552}.Release|x86.ActiveCfg = Release|Any CPU
		{E992BC55-1FE7-4F65-81AC-463271D3E552}.Release|x86.Build.0 = Release|Any CPU
		{C9F6588A-1138-48F2-995C-E3361168DB78}.Debug|Any CPU.ActiveCfg = Debug|Any CPU
		{C9F6588A-1138-48F2-995C-E3361168DB78}.Debug|Any CPU.Build.0 = Debug|Any CPU
		{C9F6588A-1138-48F2-995C-E3361168DB78}.Debug|x64.ActiveCfg = Debug|Any CPU
		{C9F6588A-1138-48F2-995C-E3361168DB78}.Debug|x64.Build.0 = Debug|Any CPU
		{C9F6588A-1138-48F2-995C-E3361168DB78}.Debug|x86.ActiveCfg = Debug|Any CPU
		{C9F6588A-1138-48F2-995C-E3361168DB78}.Debug|x86.Build.0 = Debug|Any CPU
		{C9F6588A-1138-48F2-995C-E3361168DB78}.Release|Any CPU.ActiveCfg = Release|Any CPU
		{C9F6588A-1138-48F2-995C-E3361168DB78}.Release|Any CPU.Build.0 = Release|Any CPU
		{C9F6588A-1138-48F2-995C-E3361168DB78}.Release|x64.ActiveCfg = Release|Any CPU
		{C9F6588A-1138-48F2-995C-E3361168DB78}.Release|x64.Build.0 = Release|Any CPU
		{C9F6588A-1138-48F2-995C-E3361168DB78}.Release|x86.ActiveCfg = Release|Any CPU
		{C9F6588A-1138-48F2-995C-E3361168DB78}.Release|x86.Build.0 = Release|Any CPU
		{2D13556B-79C9-4547-86A2-A7C74C744D48}.Debug|Any CPU.ActiveCfg = Debug|Any CPU
		{2D13556B-79C9-4547-86A2-A7C74C744D48}.Debug|Any CPU.Build.0 = Debug|Any CPU
		{2D13556B-79C9-4547-86A2-A7C74C744D48}.Debug|x64.ActiveCfg = Debug|Any CPU
		{2D13556B-79C9-4547-86A2-A7C74C744D48}.Debug|x64.Build.0 = Debug|Any CPU
		{2D13556B-79C9-4547-86A2-A7C74C744D48}.Debug|x86.ActiveCfg = Debug|Any CPU
		{2D13556B-79C9-4547-86A2-A7C74C744D48}.Debug|x86.Build.0 = Debug|Any CPU
		{2D13556B-79C9-4547-86A2-A7C74C744D48}.Release|Any CPU.ActiveCfg = Release|Any CPU
		{2D13556B-79C9-4547-86A2-A7C74C744D48}.Release|Any CPU.Build.0 = Release|Any CPU
		{2D13556B-79C9-4547-86A2-A7C74C744D48}.Release|x64.ActiveCfg = Release|Any CPU
		{2D13556B-79C9-4547-86A2-A7C74C744D48}.Release|x64.Build.0 = Release|Any CPU
		{2D13556B-79C9-4547-86A2-A7C74C744D48}.Release|x86.ActiveCfg = Release|Any CPU
		{2D13556B-79C9-4547-86A2-A7C74C744D48}.Release|x86.Build.0 = Release|Any CPU
		{D8324EDD-3D53-41E3-96FD-D2562764303D}.Debug|Any CPU.ActiveCfg = Debug|Any CPU
		{D8324EDD-3D53-41E3-96FD-D2562764303D}.Debug|Any CPU.Build.0 = Debug|Any CPU
		{D8324EDD-3D53-41E3-96FD-D2562764303D}.Debug|x64.ActiveCfg = Debug|Any CPU
		{D8324EDD-3D53-41E3-96FD-D2562764303D}.Debug|x64.Build.0 = Debug|Any CPU
		{D8324EDD-3D53-41E3-96FD-D2562764303D}.Debug|x86.ActiveCfg = Debug|Any CPU
		{D8324EDD-3D53-41E3-96FD-D2562764303D}.Debug|x86.Build.0 = Debug|Any CPU
		{D8324EDD-3D53-41E3-96FD-D2562764303D}.Release|Any CPU.ActiveCfg = Release|Any CPU
		{D8324EDD-3D53-41E3-96FD-D2562764303D}.Release|Any CPU.Build.0 = Release|Any CPU
		{D8324EDD-3D53-41E3-96FD-D2562764303D}.Release|x64.ActiveCfg = Release|Any CPU
		{D8324EDD-3D53-41E3-96FD-D2562764303D}.Release|x64.Build.0 = Release|Any CPU
		{D8324EDD-3D53-41E3-96FD-D2562764303D}.Release|x86.ActiveCfg = Release|Any CPU
		{D8324EDD-3D53-41E3-96FD-D2562764303D}.Release|x86.Build.0 = Release|Any CPU
		{A7FB4369-DC61-464C-A13C-102AFAB76A42}.Debug|Any CPU.ActiveCfg = Debug|Any CPU
		{A7FB4369-DC61-464C-A13C-102AFAB76A42}.Debug|Any CPU.Build.0 = Debug|Any CPU
		{A7FB4369-DC61-464C-A13C-102AFAB76A42}.Debug|x64.ActiveCfg = Debug|Any CPU
		{A7FB4369-DC61-464C-A13C-102AFAB76A42}.Debug|x64.Build.0 = Debug|Any CPU
		{A7FB4369-DC61-464C-A13C-102AFAB76A42}.Debug|x86.ActiveCfg = Debug|Any CPU
		{A7FB4369-DC61-464C-A13C-102AFAB76A42}.Debug|x86.Build.0 = Debug|Any CPU
		{A7FB4369-DC61-464C-A13C-102AFAB76A42}.Release|Any CPU.ActiveCfg = Release|Any CPU
		{A7FB4369-DC61-464C-A13C-102AFAB76A42}.Release|Any CPU.Build.0 = Release|Any CPU
		{A7FB4369-DC61-464C-A13C-102AFAB76A42}.Release|x64.ActiveCfg = Release|Any CPU
		{A7FB4369-DC61-464C-A13C-102AFAB76A42}.Release|x64.Build.0 = Release|Any CPU
		{A7FB4369-DC61-464C-A13C-102AFAB76A42}.Release|x86.ActiveCfg = Release|Any CPU
		{A7FB4369-DC61-464C-A13C-102AFAB76A42}.Release|x86.Build.0 = Release|Any CPU
	EndGlobalSection
	GlobalSection(SolutionProperties) = preSolution
		HideSolutionNode = FALSE
	EndGlobalSection
	GlobalSection(NestedProjects) = preSolution
		{A12E5D93-7099-41F7-B48B-B6425356C1DE} = {827E0CD3-B72D-47B6-A68D-7590B98EB39B}
		{85F07410-B99C-45A8-AA1B-C63BFD779316} = {827E0CD3-B72D-47B6-A68D-7590B98EB39B}
		{AA2FF0A0-EB86-4574-9BDB-E32EB94A846F} = {827E0CD3-B72D-47B6-A68D-7590B98EB39B}
		{DA6D5F91-9257-4D68-8B87-34C819934D71} = {827E0CD3-B72D-47B6-A68D-7590B98EB39B}
		{C176EDB0-E960-4BDF-9C36-3B3D47190445} = {827E0CD3-B72D-47B6-A68D-7590B98EB39B}
		{4B9180D4-A99C-4824-BC1A-FE09C20F6FC6} = {827E0CD3-B72D-47B6-A68D-7590B98EB39B}
		{00010EB9-740E-42F2-91B0-9EC0A9146266} = {827E0CD3-B72D-47B6-A68D-7590B98EB39B}
		{1BB6CA24-E9BB-4D27-B262-A1AC23662C0A} = {827E0CD3-B72D-47B6-A68D-7590B98EB39B}
		{E992BC55-1FE7-4F65-81AC-463271D3E552} = {827E0CD3-B72D-47B6-A68D-7590B98EB39B}
		{C9F6588A-1138-48F2-995C-E3361168DB78} = {827E0CD3-B72D-47B6-A68D-7590B98EB39B}
		{2D13556B-79C9-4547-86A2-A7C74C744D48} = {0AB3BF05-4346-4AA6-1389-037BE0695223}
		{D8324EDD-3D53-41E3-96FD-D2562764303D} = {0AB3BF05-4346-4AA6-1389-037BE0695223}
		{A7FB4369-DC61-464C-A13C-102AFAB76A42} = {0AB3BF05-4346-4AA6-1389-037BE0695223}
	EndGlobalSection
EndGlobal
